
Microsoft Visual Studio Solution File, Format Version 12.00
# Visual Studio Version 17
VisualStudioVersion = 17.4.33213.308
MinimumVisualStudioVersion = 10.0.40219.1
Project("{FAE04EC0-301F-11D3-BF4B-00C04F79EFBC}") = "ReverseString", "ReverseString\ReverseString.csproj", "{03D38191-E440-4113-85F8-34ABEBA10687}"
EndProject
Global
	GlobalSection(SolutionConfigurationPlatforms) = preSolution
		Debug|Any CPU = Debug|Any CPU
		Release|Any CPU = Release|Any CPU
	EndGlobalSection
	GlobalSection(ProjectConfigurationPlatforms) = postSolution
		{03D38191-E440-4113-85F8-34ABEBA10687}.Debug|Any CPU.ActiveCfg = Debug|Any CPU
		{03D38191-E440-4113-85F8-34ABEBA10687}.Debug|Any CPU.Build.0 = Debug|Any CPU
		{03D38191-E440-4113-85F8-34ABEBA10687}.Release|Any CPU.ActiveCfg = Release|Any CPU
		{03D38191-E440-4113-85F8-34ABEBA10687}.Release|Any CPU.Build.0 = Release|Any CPU
	EndGlobalSection
	GlobalSection(SolutionProperties) = preSolution
		HideSolutionNode = FALSE
	EndGlobalSection
	GlobalSection(ExtensibilityGlobals) = postSolution
		SolutionGuid = {376869F7-166F-4E15-8796-3A36E3935F29}
	EndGlobalSection
EndGlobal
